// !$*UTF8*$!
{
	archiveVersion = 1;
	classes = {
	};
	objectVersion = 50;
	objects = {

/* Begin PBXBuildFile section */
		57480C5B239CB21000948382 /* AppDelegate.swift in Sources */ = {isa = PBXBuildFile; fileRef = 57480C5A239CB21000948382 /* AppDelegate.swift */; };
		57480C5D239CB21100948382 /* SceneDelegate.swift in Sources */ = {isa = PBXBuildFile; fileRef = 57480C5C239CB21100948382 /* SceneDelegate.swift */; };
		57480C5F239CB21100948382 /* ContentView.swift in Sources */ = {isa = PBXBuildFile; fileRef = 57480C5E239CB21100948382 /* ContentView.swift */; };
		57480C61239CB21300948382 /* Assets.xcassets in Resources */ = {isa = PBXBuildFile; fileRef = 57480C60239CB21300948382 /* Assets.xcassets */; };
		57480C64239CB21300948382 /* Preview Assets.xcassets in Resources */ = {isa = PBXBuildFile; fileRef = 57480C63239CB21300948382 /* Preview Assets.xcassets */; };
		57480C67239CB21300948382 /* LaunchScreen.storyboard in Resources */ = {isa = PBXBuildFile; fileRef = 57480C65239CB21300948382 /* LaunchScreen.storyboard */; };
		57480C72239CB21400948382 /* ToDOTests.swift in Sources */ = {isa = PBXBuildFile; fileRef = 57480C71239CB21400948382 /* ToDOTests.swift */; };
		57480C7D239CB21400948382 /* ToDOUITests.swift in Sources */ = {isa = PBXBuildFile; fileRef = 57480C7C239CB21400948382 /* ToDOUITests.swift */; };
		57480C8C239CB23400948382 /* Task.swift in Sources */ = {isa = PBXBuildFile; fileRef = 57480C8B239CB23400948382 /* Task.swift */; };
		57480C8E239CB3DC00948382 /* Data.swift in Sources */ = {isa = PBXBuildFile; fileRef = 57480C8D239CB3DC00948382 /* Data.swift */; };
		57480C90239CB45D00948382 /* TaskRow.swift in Sources */ = {isa = PBXBuildFile; fileRef = 57480C8F239CB45D00948382 /* TaskRow.swift */; };
		57480C92239CB50900948382 /* UserData.swift in Sources */ = {isa = PBXBuildFile; fileRef = 57480C91239CB50900948382 /* UserData.swift */; };
/* End PBXBuildFile section */

/* Begin PBXContainerItemProxy section */
		57480C6E239CB21400948382 /* PBXContainerItemProxy */ = {
			isa = PBXContainerItemProxy;
			containerPortal = 57480C4F239CB21000948382 /* Project object */;
			proxyType = 1;
			remoteGlobalIDString = 57480C56239CB21000948382;
			remoteInfo = ToDO;
		};
		57480C79239CB21400948382 /* PBXContainerItemProxy */ = {
			isa = PBXContainerItemProxy;
			containerPortal = 57480C4F239CB21000948382 /* Project object */;
			proxyType = 1;
			remoteGlobalIDString = 57480C56239CB21000948382;
			remoteInfo = ToDO;
		};
/* End PBXContainerItemProxy section */

/* Begin PBXFileReference section */
		57480C57239CB21000948382 /* ToDO.app */ = {isa = PBXFileReference; explicitFileType = wrapper.application; includeInIndex = 0; path = ToDO.app; sourceTree = BUILT_PRODUCTS_DIR; };
		57480C5A239CB21000948382 /* AppDelegate.swift */ = {isa = PBXFileReference; lastKnownFileType = sourcecode.swift; path = AppDelegate.swift; sourceTree = "<group>"; };
		57480C5C239CB21100948382 /* SceneDelegate.swift */ = {isa = PBXFileReference; lastKnownFileType = sourcecode.swift; path = SceneDelegate.swift; sourceTree = "<group>"; };
		57480C5E239CB21100948382 /* ContentView.swift */ = {isa = PBXFileReference; lastKnownFileType = sourcecode.swift; path = ContentView.swift; sourceTree = "<group>"; };
		57480C60239CB21300948382 /* Assets.xcassets */ = {isa = PBXFileReference; lastKnownFileType = folder.assetcatalog; path = Assets.xcassets; sourceTree = "<group>"; };
		57480C63239CB21300948382 /* Preview Assets.xcassets */ = {isa = PBXFileReference; lastKnownFileType = folder.assetcatalog; path = "Preview Assets.xcassets"; sourceTree = "<group>"; };
		57480C66239CB21300948382 /* Base */ = {isa = PBXFileReference; lastKnownFileType = file.storyboard; name = Base; path = Base.lproj/LaunchScreen.storyboard; sourceTree = "<group>"; };
		57480C68239CB21300948382 /* Info.plist */ = {isa = PBXFileReference; lastKnownFileType = text.plist.xml; path = Info.plist; sourceTree = "<group>"; };
		57480C6D239CB21400948382 /* ToDOTests.xctest */ = {isa = PBXFileReference; explicitFileType = wrapper.cfbundle; includeInIndex = 0; path = ToDOTests.xctest; sourceTree = BUILT_PRODUCTS_DIR; };
		57480C71239CB21400948382 /* ToDOTests.swift */ = {isa = PBXFileReference; lastKnownFileType = sourcecode.swift; path = ToDOTests.swift; sourceTree = "<group>"; };
		57480C73239CB21400948382 /* Info.plist */ = {isa = PBXFileReference; lastKnownFileType = text.plist.xml; path = Info.plist; sourceTree = "<group>"; };
		57480C78239CB21400948382 /* ToDOUITests.xctest */ = {isa = PBXFileReference; explicitFileType = wrapper.cfbundle; includeInIndex = 0; path = ToDOUITests.xctest; sourceTree = BUILT_PRODUCTS_DIR; };
		57480C7C239CB21400948382 /* ToDOUITests.swift */ = {isa = PBXFileReference; lastKnownFileType = sourcecode.swift; path = ToDOUITests.swift; sourceTree = "<group>"; };
		57480C7E239CB21400948382 /* Info.plist */ = {isa = PBXFileReference; lastKnownFileType = text.plist.xml; path = Info.plist; sourceTree = "<group>"; };
		57480C8B239CB23400948382 /* Task.swift */ = {isa = PBXFileReference; lastKnownFileType = sourcecode.swift; name = Task.swift; path = ../../../Task.swift; sourceTree = "<group>"; };
		57480C8D239CB3DC00948382 /* Data.swift */ = {isa = PBXFileReference; lastKnownFileType = sourcecode.swift; path = Data.swift; sourceTree = "<group>"; };
		57480C8F239CB45D00948382 /* TaskRow.swift */ = {isa = PBXFileReference; lastKnownFileType = sourcecode.swift; path = TaskRow.swift; sourceTree = "<group>"; };
		57480C91239CB50900948382 /* UserData.swift */ = {isa = PBXFileReference; lastKnownFileType = sourcecode.swift; path = UserData.swift; sourceTree = "<group>"; };
/* End PBXFileReference section */

/* Begin PBXFrameworksBuildPhase section */
		57480C54239CB21000948382 /* Frameworks */ = {
			isa = PBXFrameworksBuildPhase;
			buildActionMask = 2147483647;
			files = (
			);
			runOnlyForDeploymentPostprocessing = 0;
		};
		57480C6A239CB21400948382 /* Frameworks */ = {
			isa = PBXFrameworksBuildPhase;
			buildActionMask = 2147483647;
			files = (
			);
			runOnlyForDeploymentPostprocessing = 0;
		};
		57480C75239CB21400948382 /* Frameworks */ = {
			isa = PBXFrameworksBuildPhase;
			buildActionMask = 2147483647;
			files = (
			);
			runOnlyForDeploymentPostprocessing = 0;
		};
/* End PBXFrameworksBuildPhase section */

/* Begin PBXGroup section */
		57480C4E239CB21000948382 = {
			isa = PBXGroup;
			children = (
				57480C59239CB21000948382 /* ToDO */,
				57480C70239CB21400948382 /* ToDOTests */,
				57480C7B239CB21400948382 /* ToDOUITests */,
				57480C58239CB21000948382 /* Products */,
			);
			sourceTree = "<group>";
		};
		57480C58239CB21000948382 /* Products */ = {
			isa = PBXGroup;
			children = (
				57480C57239CB21000948382 /* ToDO.app */,
				57480C6D239CB21400948382 /* ToDOTests.xctest */,
				57480C78239CB21400948382 /* ToDOUITests.xctest */,
			);
			name = Products;
			sourceTree = "<group>";
		};
		57480C59239CB21000948382 /* ToDO */ = {
			isa = PBXGroup;
			children = (
				57480C8A239CB22500948382 /* Models */,
				57480C5A239CB21000948382 /* AppDelegate.swift */,
				57480C5C239CB21100948382 /* SceneDelegate.swift */,
				57480C5E239CB21100948382 /* ContentView.swift */,
				57480C60239CB21300948382 /* Assets.xcassets */,
				57480C65239CB21300948382 /* LaunchScreen.storyboard */,
				57480C68239CB21300948382 /* Info.plist */,
				57480C62239CB21300948382 /* Preview Content */,
				57480C8F239CB45D00948382 /* TaskRow.swift */,
			);
			path = ToDO;
			sourceTree = "<group>";
		};
		57480C62239CB21300948382 /* Preview Content */ = {
			isa = PBXGroup;
			children = (
				57480C63239CB21300948382 /* Preview Assets.xcassets */,
			);
			path = "Preview Content";
			sourceTree = "<group>";
		};
		57480C70239CB21400948382 /* ToDOTests */ = {
			isa = PBXGroup;
			children = (
				57480C71239CB21400948382 /* ToDOTests.swift */,
				57480C73239CB21400948382 /* Info.plist */,
			);
			path = ToDOTests;
			sourceTree = "<group>";
		};
		57480C7B239CB21400948382 /* ToDOUITests */ = {
			isa = PBXGroup;
			children = (
				57480C7C239CB21400948382 /* ToDOUITests.swift */,
				57480C7E239CB21400948382 /* Info.plist */,
			);
			path = ToDOUITests;
			sourceTree = "<group>";
		};
		57480C8A239CB22500948382 /* Models */ = {
			isa = PBXGroup;
			children = (
				57480C8B239CB23400948382 /* Task.swift */,
				57480C8D239CB3DC00948382 /* Data.swift */,
				57480C91239CB50900948382 /* UserData.swift */,
			);
			path = Models;
			sourceTree = "<group>";
		};
/* End PBXGroup section */

/* Begin PBXNativeTarget section */
		57480C56239CB21000948382 /* ToDO */ = {
			isa = PBXNativeTarget;
			buildConfigurationList = 57480C81239CB21400948382 /* Build configuration list for PBXNativeTarget "ToDO" */;
			buildPhases = (
				57480C53239CB21000948382 /* Sources */,
				57480C54239CB21000948382 /* Frameworks */,
				57480C55239CB21000948382 /* Resources */,
			);
			buildRules = (
			);
			dependencies = (
			);
			name = ToDO;
			productName = ToDO;
			productReference = 57480C57239CB21000948382 /* ToDO.app */;
			productType = "com.apple.product-type.application";
		};
		57480C6C239CB21400948382 /* ToDOTests */ = {
			isa = PBXNativeTarget;
			buildConfigurationList = 57480C84239CB21400948382 /* Build configuration list for PBXNativeTarget "ToDOTests" */;
			buildPhases = (
				57480C69239CB21400948382 /* Sources */,
				57480C6A239CB21400948382 /* Frameworks */,
				57480C6B239CB21400948382 /* Resources */,
			);
			buildRules = (
			);
			dependencies = (
				57480C6F239CB21400948382 /* PBXTargetDependency */,
			);
			name = ToDOTests;
			productName = ToDOTests;
			productReference = 57480C6D239CB21400948382 /* ToDOTests.xctest */;
			productType = "com.apple.product-type.bundle.unit-test";
		};
		57480C77239CB21400948382 /* ToDOUITests */ = {
			isa = PBXNativeTarget;
			buildConfigurationList = 57480C87239CB21400948382 /* Build configuration list for PBXNativeTarget "ToDOUITests" */;
			buildPhases = (
				57480C74239CB21400948382 /* Sources */,
				57480C75239CB21400948382 /* Frameworks */,
				57480C76239CB21400948382 /* Resources */,
			);
			buildRules = (
			);
			dependencies = (
				57480C7A239CB21400948382 /* PBXTargetDependency */,
			);
			name = ToDOUITests;
			productName = ToDOUITests;
			productReference = 57480C78239CB21400948382 /* ToDOUITests.xctest */;
			productType = "com.apple.product-type.bundle.ui-testing";
		};
/* End PBXNativeTarget section */

/* Begin PBXProject section */
		57480C4F239CB21000948382 /* Project object */ = {
			isa = PBXProject;
			attributes = {
				LastSwiftUpdateCheck = 1120;
				LastUpgradeCheck = 1120;
				ORGANIZATIONNAME = "Victor Manuel Lagunas Franco";
				TargetAttributes = {
					57480C56239CB21000948382 = {
						CreatedOnToolsVersion = 11.2;
					};
					57480C6C239CB21400948382 = {
						CreatedOnToolsVersion = 11.2;
						TestTargetID = 57480C56239CB21000948382;
					};
					57480C77239CB21400948382 = {
						CreatedOnToolsVersion = 11.2;
						TestTargetID = 57480C56239CB21000948382;
					};
				};
			};
			buildConfigurationList = 57480C52239CB21000948382 /* Build configuration list for PBXProject "ToDO" */;
			compatibilityVersion = "Xcode 9.3";
			developmentRegion = en;
			hasScannedForEncodings = 0;
			knownRegions = (
				en,
				Base,
			);
			mainGroup = 57480C4E239CB21000948382;
			productRefGroup = 57480C58239CB21000948382 /* Products */;
			projectDirPath = "";
			projectRoot = "";
			targets = (
				57480C56239CB21000948382 /* ToDO */,
				57480C6C239CB21400948382 /* ToDOTests */,
				57480C77239CB21400948382 /* ToDOUITests */,
			);
		};
/* End PBXProject section */

/* Begin PBXResourcesBuildPhase section */
		57480C55239CB21000948382 /* Resources */ = {
			isa = PBXResourcesBuildPhase;
			buildActionMask = 2147483647;
			files = (
				57480C67239CB21300948382 /* LaunchScreen.storyboard in Resources */,
				57480C64239CB21300948382 /* Preview Assets.xcassets in Resources */,
				57480C61239CB21300948382 /* Assets.xcassets in Resources */,
			);
			runOnlyForDeploymentPostprocessing = 0;
		};
		57480C6B239CB21400948382 /* Resources */ = {
			isa = PBXResourcesBuildPhase;
			buildActionMask = 2147483647;
			files = (
			);
			runOnlyForDeploymentPostprocessing = 0;
		};
		57480C76239CB21400948382 /* Resources */ = {
			isa = PBXResourcesBuildPhase;
			buildActionMask = 2147483647;
			files = (
			);
			runOnlyForDeploymentPostprocessing = 0;
		};
/* End PBXResourcesBuildPhase section */

/* Begin PBXSourcesBuildPhase section */
		57480C53239CB21000948382 /* Sources */ = {
			isa = PBXSourcesBuildPhase;
			buildActionMask = 2147483647;
			files = (
				57480C8C239CB23400948382 /* Task.swift in Sources */,
				57480C8E239CB3DC00948382 /* Data.swift in Sources */,
				57480C92239CB50900948382 /* UserData.swift in Sources */,
				57480C5B239CB21000948382 /* AppDelegate.swift in Sources */,
				57480C90239CB45D00948382 /* TaskRow.swift in Sources */,
				57480C5D239CB21100948382 /* SceneDelegate.swift in Sources */,
				57480C5F239CB21100948382 /* ContentView.swift in Sources */,
			);
			runOnlyForDeploymentPostprocessing = 0;
		};
		57480C69239CB21400948382 /* Sources */ = {
			isa = PBXSourcesBuildPhase;
			buildActionMask = 2147483647;
			files = (
				57480C72239CB21400948382 /* ToDOTests.swift in Sources */,
			);
			runOnlyForDeploymentPostprocessing = 0;
		};
		57480C74239CB21400948382 /* Sources */ = {
			isa = PBXSourcesBuildPhase;
			buildActionMask = 2147483647;
			files = (
				57480C7D239CB21400948382 /* ToDOUITests.swift in Sources */,
			);
			runOnlyForDeploymentPostprocessing = 0;
		};
/* End PBXSourcesBuildPhase section */

/* Begin PBXTargetDependency section */
		57480C6F239CB21400948382 /* PBXTargetDependency */ = {
			isa = PBXTargetDependency;
			target = 57480C56239CB21000948382 /* ToDO */;
			targetProxy = 57480C6E239CB21400948382 /* PBXContainerItemProxy */;
		};
		57480C7A239CB21400948382 /* PBXTargetDependency */ = {
			isa = PBXTargetDependency;
			target = 57480C56239CB21000948382 /* ToDO */;
			targetProxy = 57480C79239CB21400948382 /* PBXContainerItemProxy */;
		};
/* End PBXTargetDependency section */

/* Begin PBXVariantGroup section */
		57480C65239CB21300948382 /* LaunchScreen.storyboard */ = {
			isa = PBXVariantGroup;
			children = (
				57480C66239CB21300948382 /* Base */,
			);
			name = LaunchScreen.storyboard;
			sourceTree = "<group>";
		};
/* End PBXVariantGroup section */

/* Begin XCBuildConfiguration section */
		57480C7F239CB21400948382 /* Debug */ = {
			isa = XCBuildConfiguration;
			buildSettings = {
				ALWAYS_SEARCH_USER_PATHS = NO;
				CLANG_ANALYZER_NONNULL = YES;
				CLANG_ANALYZER_NUMBER_OBJECT_CONVERSION = YES_AGGRESSIVE;
				CLANG_CXX_LANGUAGE_STANDARD = "gnu++14";
				CLANG_CXX_LIBRARY = "libc++";
				CLANG_ENABLE_MODULES = YES;
				CLANG_ENABLE_OBJC_ARC = YES;
				CLANG_ENABLE_OBJC_WEAK = YES;
				CLANG_WARN_BLOCK_CAPTURE_AUTORELEASING = YES;
				CLANG_WARN_BOOL_CONVERSION = YES;
				CLANG_WARN_COMMA = YES;
				CLANG_WARN_CONSTANT_CONVERSION = YES;
				CLANG_WARN_DEPRECATED_OBJC_IMPLEMENTATIONS = YES;
				CLANG_WARN_DIRECT_OBJC_ISA_USAGE = YES_ERROR;
				CLANG_WARN_DOCUMENTATION_COMMENTS = YES;
				CLANG_WARN_EMPTY_BODY = YES;
				CLANG_WARN_ENUM_CONVERSION = YES;
				CLANG_WARN_INFINITE_RECURSION = YES;
				CLANG_WARN_INT_CONVERSION = YES;
				CLANG_WARN_NON_LITERAL_NULL_CONVERSION = YES;
				CLANG_WARN_OBJC_IMPLICIT_RETAIN_SELF = YES;
				CLANG_WARN_OBJC_LITERAL_CONVERSION = YES;
				CLANG_WARN_OBJC_ROOT_CLASS = YES_ERROR;
				CLANG_WARN_RANGE_LOOP_ANALYSIS = YES;
				CLANG_WARN_STRICT_PROTOTYPES = YES;
				CLANG_WARN_SUSPICIOUS_MOVE = YES;
				CLANG_WARN_UNGUARDED_AVAILABILITY = YES_AGGRESSIVE;
				CLANG_WARN_UNREACHABLE_CODE = YES;
				CLANG_WARN__DUPLICATE_METHOD_MATCH = YES;
				COPY_PHASE_STRIP = NO;
				DEBUG_INFORMATION_FORMAT = dwarf;
				ENABLE_STRICT_OBJC_MSGSEND = YES;
				ENABLE_TESTABILITY = YES;
				GCC_C_LANGUAGE_STANDARD = gnu11;
				GCC_DYNAMIC_NO_PIC = NO;
				GCC_NO_COMMON_BLOCKS = YES;
				GCC_OPTIMIZATION_LEVEL = 0;
				GCC_PREPROCESSOR_DEFINITIONS = (
					"DEBUG=1",
					"$(inherited)",
				);
				GCC_WARN_64_TO_32_BIT_CONVERSION = YES;
				GCC_WARN_ABOUT_RETURN_TYPE = YES_ERROR;
				GCC_WARN_UNDECLARED_SELECTOR = YES;
				GCC_WARN_UNINITIALIZED_AUTOS = YES_AGGRESSIVE;
				GCC_WARN_UNUSED_FUNCTION = YES;
				GCC_WARN_UNUSED_VARIABLE = YES;
				IPHONEOS_DEPLOYMENT_TARGET = 13.2;
				MTL_ENABLE_DEBUG_INFO = INCLUDE_SOURCE;
				MTL_FAST_MATH = YES;
				ONLY_ACTIVE_ARCH = YES;
				SDKROOT = iphoneos;
				SWIFT_ACTIVE_COMPILATION_CONDITIONS = DEBUG;
				SWIFT_OPTIMIZATION_LEVEL = "-Onone";
			};
			name = Debug;
		};
		57480C80239CB21400948382 /* Release */ = {
			isa = XCBuildConfiguration;
			buildSettings = {
				ALWAYS_SEARCH_USER_PATHS = NO;
				CLANG_ANALYZER_NONNULL = YES;
				CLANG_ANALYZER_NUMBER_OBJECT_CONVERSION = YES_AGGRESSIVE;
				CLANG_CXX_LANGUAGE_STANDARD = "gnu++14";
				CLANG_CXX_LIBRARY = "libc++";
				CLANG_ENABLE_MODULES = YES;
				CLANG_ENABLE_OBJC_ARC = YES;
				CLANG_ENABLE_OBJC_WEAK = YES;
				CLANG_WARN_BLOCK_CAPTURE_AUTORELEASING = YES;
				CLANG_WARN_BOOL_CONVERSION = YES;
				CLANG_WARN_COMMA = YES;
				CLANG_WARN_CONSTANT_CONVERSION = YES;
				CLANG_WARN_DEPRECATED_OBJC_IMPLEMENTATIONS = YES;
				CLANG_WARN_DIRECT_OBJC_ISA_USAGE = YES_ERROR;
				CLANG_WARN_DOCUMENTATION_COMMENTS = YES;
				CLANG_WARN_EMPTY_BODY = YES;
				CLANG_WARN_ENUM_CONVERSION = YES;
				CLANG_WARN_INFINITE_RECURSION = YES;
				CLANG_WARN_INT_CONVERSION = YES;
				CLANG_WARN_NON_LITERAL_NULL_CONVERSION = YES;
				CLANG_WARN_OBJC_IMPLICIT_RETAIN_SELF = YES;
				CLANG_WARN_OBJC_LITERAL_CONVERSION = YES;
				CLANG_WARN_OBJC_ROOT_CLASS = YES_ERROR;
				CLANG_WARN_RANGE_LOOP_ANALYSIS = YES;
				CLANG_WARN_STRICT_PROTOTYPES = YES;
				CLANG_WARN_SUSPICIOUS_MOVE = YES;
				CLANG_WARN_UNGUARDED_AVAILABILITY = YES_AGGRESSIVE;
				CLANG_WARN_UNREACHABLE_CODE = YES;
				CLANG_WARN__DUPLICATE_METHOD_MATCH = YES;
				COPY_PHASE_STRIP = NO;
				DEBUG_INFORMATION_FORMAT = "dwarf-with-dsym";
				ENABLE_NS_ASSERTIONS = NO;
				ENABLE_STRICT_OBJC_MSGSEND = YES;
				GCC_C_LANGUAGE_STANDARD = gnu11;
				GCC_NO_COMMON_BLOCKS = YES;
				GCC_WARN_64_TO_32_BIT_CONVERSION = YES;
				GCC_WARN_ABOUT_RETURN_TYPE = YES_ERROR;
				GCC_WARN_UNDECLARED_SELECTOR = YES;
				GCC_WARN_UNINITIALIZED_AUTOS = YES_AGGRESSIVE;
				GCC_WARN_UNUSED_FUNCTION = YES;
				GCC_WARN_UNUSED_VARIABLE = YES;
				IPHONEOS_DEPLOYMENT_TARGET = 13.2;
				MTL_ENABLE_DEBUG_INFO = NO;
				MTL_FAST_MATH = YES;
				SDKROOT = iphoneos;
				SWIFT_COMPILATION_MODE = wholemodule;
				SWIFT_OPTIMIZATION_LEVEL = "-O";
				VALIDATE_PRODUCT = YES;
			};
			name = Release;
		};
		57480C82239CB21400948382 /* Debug */ = {
			isa = XCBuildConfiguration;
			buildSettings = {
				ASSETCATALOG_COMPILER_APPICON_NAME = AppIcon;
				CODE_SIGN_STYLE = Automatic;
				DEVELOPMENT_ASSET_PATHS = "\"ToDO/Preview Content\"";
				DEVELOPMENT_TEAM = UFL2WNBTT3;
				ENABLE_PREVIEWS = YES;
				INFOPLIST_FILE = ToDO/Info.plist;
				LD_RUNPATH_SEARCH_PATHS = (
					"$(inherited)",
					"@executable_path/Frameworks",
				);
				PRODUCT_BUNDLE_IDENTIFIER = com.app.sendaiSwiftUI.ToDO;
				PRODUCT_NAME = "$(TARGET_NAME)";
				SWIFT_VERSION = 5.0;
				TARGETED_DEVICE_FAMILY = "1,2";
			};
			name = Debug;
		};
		57480C83239CB21400948382 /* Release */ = {
			isa = XCBuildConfiguration;
			buildSettings = {
				ASSETCATALOG_COMPILER_APPICON_NAME = AppIcon;
				CODE_SIGN_STYLE = Automatic;
				DEVELOPMENT_ASSET_PATHS = "\"ToDO/Preview Content\"";
				DEVELOPMENT_TEAM = UFL2WNBTT3;
				ENABLE_PREVIEWS = YES;
				INFOPLIST_FILE = ToDO/Info.plist;
				LD_RUNPATH_SEARCH_PATHS = (
					"$(inherited)",
					"@executable_path/Frameworks",
				);
				PRODUCT_BUNDLE_IDENTIFIER = com.app.sendaiSwiftUI.ToDO;
				PRODUCT_NAME = "$(TARGET_NAME)";
				SWIFT_VERSION = 5.0;
				TARGETED_DEVICE_FAMILY = "1,2";
			};
			name = Release;
		};
		57480C85239CB21400948382 /* Debug */ = {
			isa = XCBuildConfiguration;
			buildSettings = {
				ALWAYS_EMBED_SWIFT_STANDARD_LIBRARIES = YES;
				BUNDLE_LOADER = "$(TEST_HOST)";
				CODE_SIGN_STYLE = Automatic;
				DEVELOPMENT_TEAM = UFL2WNBTT3;
				INFOPLIST_FILE = ToDOTests/Info.plist;
				IPHONEOS_DEPLOYMENT_TARGET = 13.2;
				LD_RUNPATH_SEARCH_PATHS = (
					"$(inherited)",
					"@executable_path/Frameworks",
					"@loader_path/Frameworks",
				);
				PRODUCT_BUNDLE_IDENTIFIER = com.app.sendaiSwiftUI.ToDOTests;
				PRODUCT_NAME = "$(TARGET_NAME)";
				SWIFT_VERSION = 5.0;
				TARGETED_DEVICE_FAMILY = "1,2";
				TEST_HOST = "$(BUILT_PRODUCTS_DIR)/ToDO.app/ToDO";
			};
			name = Debug;
		};
		57480C86239CB21400948382 /* Release */ = {
			isa = XCBuildConfiguration;
			buildSettings = {
				ALWAYS_EMBED_SWIFT_STANDARD_LIBRARIES = YES;
				BUNDLE_LOADER = "$(TEST_HOST)";
				CODE_SIGN_STYLE = Automatic;
				DEVELOPMENT_TEAM = UFL2WNBTT3;
				INFOPLIST_FILE = ToDOTests/Info.plist;
				IPHONEOS_DEPLOYMENT_TARGET = 13.2;
				LD_RUNPATH_SEARCH_PATHS = (
					"$(inherited)",
					"@executable_path/Frameworks",
					"@loader_path/Frameworks",
				);
				PRODUCT_BUNDLE_IDENTIFIER = com.app.sendaiSwiftUI.ToDOTests;
				PRODUCT_NAME = "$(TARGET_NAME)";
				SWIFT_VERSION = 5.0;
				TARGETED_DEVICE_FAMILY = "1,2";
				TEST_HOST = "$(BUILT_PRODUCTS_DIR)/ToDO.app/ToDO";
			};
			name = Release;
		};
		57480C88239CB21400948382 /* Debug */ = {
			isa = XCBuildConfiguration;
			buildSettings = {
				ALWAYS_EMBED_SWIFT_STANDARD_LIBRARIES = YES;
				CODE_SIGN_STYLE = Automatic;
				DEVELOPMENT_TEAM = UFL2WNBTT3;
				INFOPLIST_FILE = ToDOUITests/Info.plist;
				LD_RUNPATH_SEARCH_PATHS = (
					"$(inherited)",
					"@executable_path/Frameworks",
					"@loader_path/Frameworks",
				);
				PRODUCT_BUNDLE_IDENTIFIER = com.app.sendaiSwiftUI.ToDOUITests;
				PRODUCT_NAME = "$(TARGET_NAME)";
				SWIFT_VERSION = 5.0;
				TARGETED_DEVICE_FAMILY = "1,2";
				TEST_TARGET_NAME = ToDO;
			};
			name = Debug;
		};
		57480C89239CB21400948382 /* Release */ = {
			isa = XCBuildConfiguration;
			buildSettings = {
				ALWAYS_EMBED_SWIFT_STANDARD_LIBRARIES = YES;
				CODE_SIGN_STYLE = Automatic;
				DEVELOPMENT_TEAM = UFL2WNBTT3;
				INFOPLIST_FILE = ToDOUITests/Info.plist;
				LD_RUNPATH_SEARCH_PATHS = (
					"$(inherited)",
					"@executable_path/Frameworks",
					"@loader_path/Frameworks",
				);
				PRODUCT_BUNDLE_IDENTIFIER = com.app.sendaiSwiftUI.ToDOUITests;
				PRODUCT_NAME = "$(TARGET_NAME)";
				SWIFT_VERSION = 5.0;
				TARGETED_DEVICE_FAMILY = "1,2";
				TEST_TARGET_NAME = ToDO;
			};
			name = Release;
		};
/* End XCBuildConfiguration section */

/* Begin XCConfigurationList section */
		57480C52239CB21000948382 /* Build configuration list for PBXProject "ToDO" */ = {
			isa = XCConfigurationList;
			buildConfigurations = (
				57480C7F239CB21400948382 /* Debug */,
				57480C80239CB21400948382 /* Release */,
			);
			defaultConfigurationIsVisible = 0;
			defaultConfigurationName = Release;
		};
		57480C81239CB21400948382 /* Build configuration list for PBXNativeTarget "ToDO" */ = {
			isa = XCConfigurationList;
			buildConfigurations = (
				57480C82239CB21400948382 /* Debug */,
				57480C83239CB21400948382 /* Release */,
			);
			defaultConfigurationIsVisible = 0;
			defaultConfigurationName = Release;
		};
		57480C84239CB21400948382 /* Build configuration list for PBXNativeTarget "ToDOTests" */ = {
			isa = XCConfigurationList;
			buildConfigurations = (
				57480C85239CB21400948382 /* Debug */,
				57480C86239CB21400948382 /* Release */,
			);
			defaultConfigurationIsVisible = 0;
			defaultConfigurationName = Release;
		};
		57480C87239CB21400948382 /* Build configuration list for PBXNativeTarget "ToDOUITests" */ = {
			isa = XCConfigurationList;
			buildConfigurations = (
				57480C88239CB21400948382 /* Debug */,
				57480C89239CB21400948382 /* Release */,
			);
			defaultConfigurationIsVisible = 0;
			defaultConfigurationName = Release;
		};
/* End XCConfigurationList section */
	};
	rootObject = 57480C4F239CB21000948382 /* Project object */;
}
