// !$*UTF8*$!
{
	archiveVersion = 1;
	classes = {
	};
	objectVersion = 50;
	objects = {

/* Begin PBXBuildFile section */
		57866914239B5DB500656DC6 /* AppDelegate.swift in Sources */ = {isa = PBXBuildFile; fileRef = 57866913239B5DB500656DC6 /* AppDelegate.swift */; };
		57866916239B5DB500656DC6 /* SceneDelegate.swift in Sources */ = {isa = PBXBuildFile; fileRef = 57866915239B5DB500656DC6 /* SceneDelegate.swift */; };
		57866918239B5DB500656DC6 /* ContentView.swift in Sources */ = {isa = PBXBuildFile; fileRef = 57866917239B5DB500656DC6 /* ContentView.swift */; };
		5786691A239B5DBA00656DC6 /* Assets.xcassets in Resources */ = {isa = PBXBuildFile; fileRef = 57866919239B5DBA00656DC6 /* Assets.xcassets */; };
		5786691D239B5DBA00656DC6 /* Preview Assets.xcassets in Resources */ = {isa = PBXBuildFile; fileRef = 5786691C239B5DBA00656DC6 /* Preview Assets.xcassets */; };
		57866920239B5DBA00656DC6 /* LaunchScreen.storyboard in Resources */ = {isa = PBXBuildFile; fileRef = 5786691E239B5DBA00656DC6 /* LaunchScreen.storyboard */; };
		5786692B239B5DBA00656DC6 /* LandMaskTests.swift in Sources */ = {isa = PBXBuildFile; fileRef = 5786692A239B5DBA00656DC6 /* LandMaskTests.swift */; };
		57866936239B5DBA00656DC6 /* LandMaskUITests.swift in Sources */ = {isa = PBXBuildFile; fileRef = 57866935239B5DBA00656DC6 /* LandMaskUITests.swift */; };
		57866944239B6B2600656DC6 /* CircleImage.swift in Sources */ = {isa = PBXBuildFile; fileRef = 57866943239B6B2600656DC6 /* CircleImage.swift */; };
		57866946239B6FE600656DC6 /* MapViewSendai.swift in Sources */ = {isa = PBXBuildFile; fileRef = 57866945239B6FE600656DC6 /* MapViewSendai.swift */; };
/* End PBXBuildFile section */

/* Begin PBXContainerItemProxy section */
		57866927239B5DBA00656DC6 /* PBXContainerItemProxy */ = {
			isa = PBXContainerItemProxy;
			containerPortal = 57866908239B5DB500656DC6 /* Project object */;
			proxyType = 1;
			remoteGlobalIDString = 5786690F239B5DB500656DC6;
			remoteInfo = LandMask;
		};
		57866932239B5DBA00656DC6 /* PBXContainerItemProxy */ = {
			isa = PBXContainerItemProxy;
			containerPortal = 57866908239B5DB500656DC6 /* Project object */;
			proxyType = 1;
			remoteGlobalIDString = 5786690F239B5DB500656DC6;
			remoteInfo = LandMask;
		};
/* End PBXContainerItemProxy section */

/* Begin PBXFileReference section */
		57866910239B5DB500656DC6 /* LandMask.app */ = {isa = PBXFileReference; explicitFileType = wrapper.application; includeInIndex = 0; path = LandMask.app; sourceTree = BUILT_PRODUCTS_DIR; };
		57866913239B5DB500656DC6 /* AppDelegate.swift */ = {isa = PBXFileReference; lastKnownFileType = sourcecode.swift; path = AppDelegate.swift; sourceTree = "<group>"; };
		57866915239B5DB500656DC6 /* SceneDelegate.swift */ = {isa = PBXFileReference; lastKnownFileType = sourcecode.swift; path = SceneDelegate.swift; sourceTree = "<group>"; };
		57866917239B5DB500656DC6 /* ContentView.swift */ = {isa = PBXFileReference; lastKnownFileType = sourcecode.swift; path = ContentView.swift; sourceTree = "<group>"; };
		57866919239B5DBA00656DC6 /* Assets.xcassets */ = {isa = PBXFileReference; lastKnownFileType = folder.assetcatalog; path = Assets.xcassets; sourceTree = "<group>"; };
		5786691C239B5DBA00656DC6 /* Preview Assets.xcassets */ = {isa = PBXFileReference; lastKnownFileType = folder.assetcatalog; path = "Preview Assets.xcassets"; sourceTree = "<group>"; };
		5786691F239B5DBA00656DC6 /* Base */ = {isa = PBXFileReference; lastKnownFileType = file.storyboard; name = Base; path = Base.lproj/LaunchScreen.storyboard; sourceTree = "<group>"; };
		57866921239B5DBA00656DC6 /* Info.plist */ = {isa = PBXFileReference; lastKnownFileType = text.plist.xml; path = Info.plist; sourceTree = "<group>"; };
		57866926239B5DBA00656DC6 /* LandMaskTests.xctest */ = {isa = PBXFileReference; explicitFileType = wrapper.cfbundle; includeInIndex = 0; path = LandMaskTests.xctest; sourceTree = BUILT_PRODUCTS_DIR; };
		5786692A239B5DBA00656DC6 /* LandMaskTests.swift */ = {isa = PBXFileReference; lastKnownFileType = sourcecode.swift; path = LandMaskTests.swift; sourceTree = "<group>"; };
		5786692C239B5DBA00656DC6 /* Info.plist */ = {isa = PBXFileReference; lastKnownFileType = text.plist.xml; path = Info.plist; sourceTree = "<group>"; };
		57866931239B5DBA00656DC6 /* LandMaskUITests.xctest */ = {isa = PBXFileReference; explicitFileType = wrapper.cfbundle; includeInIndex = 0; path = LandMaskUITests.xctest; sourceTree = BUILT_PRODUCTS_DIR; };
		57866935239B5DBA00656DC6 /* LandMaskUITests.swift */ = {isa = PBXFileReference; lastKnownFileType = sourcecode.swift; path = LandMaskUITests.swift; sourceTree = "<group>"; };
		57866937239B5DBA00656DC6 /* Info.plist */ = {isa = PBXFileReference; lastKnownFileType = text.plist.xml; path = Info.plist; sourceTree = "<group>"; };
		57866943239B6B2600656DC6 /* CircleImage.swift */ = {isa = PBXFileReference; lastKnownFileType = sourcecode.swift; path = CircleImage.swift; sourceTree = "<group>"; };
		57866945239B6FE600656DC6 /* MapViewSendai.swift */ = {isa = PBXFileReference; lastKnownFileType = sourcecode.swift; path = MapViewSendai.swift; sourceTree = "<group>"; };
/* End PBXFileReference section */

/* Begin PBXFrameworksBuildPhase section */
		5786690D239B5DB500656DC6 /* Frameworks */ = {
			isa = PBXFrameworksBuildPhase;
			buildActionMask = 2147483647;
			files = (
			);
			runOnlyForDeploymentPostprocessing = 0;
		};
		57866923239B5DBA00656DC6 /* Frameworks */ = {
			isa = PBXFrameworksBuildPhase;
			buildActionMask = 2147483647;
			files = (
			);
			runOnlyForDeploymentPostprocessing = 0;
		};
		5786692E239B5DBA00656DC6 /* Frameworks */ = {
			isa = PBXFrameworksBuildPhase;
			buildActionMask = 2147483647;
			files = (
			);
			runOnlyForDeploymentPostprocessing = 0;
		};
/* End PBXFrameworksBuildPhase section */

/* Begin PBXGroup section */
		57866907239B5DB500656DC6 = {
			isa = PBXGroup;
			children = (
				57866912239B5DB500656DC6 /* LandMask */,
				57866929239B5DBA00656DC6 /* LandMaskTests */,
				57866934239B5DBA00656DC6 /* LandMaskUITests */,
				57866911239B5DB500656DC6 /* Products */,
			);
			sourceTree = "<group>";
		};
		57866911239B5DB500656DC6 /* Products */ = {
			isa = PBXGroup;
			children = (
				57866910239B5DB500656DC6 /* LandMask.app */,
				57866926239B5DBA00656DC6 /* LandMaskTests.xctest */,
				57866931239B5DBA00656DC6 /* LandMaskUITests.xctest */,
			);
			name = Products;
			sourceTree = "<group>";
		};
		57866912239B5DB500656DC6 /* LandMask */ = {
			isa = PBXGroup;
			children = (
				57866913239B5DB500656DC6 /* AppDelegate.swift */,
				57866915239B5DB500656DC6 /* SceneDelegate.swift */,
				57866917239B5DB500656DC6 /* ContentView.swift */,
				57866919239B5DBA00656DC6 /* Assets.xcassets */,
				5786691E239B5DBA00656DC6 /* LaunchScreen.storyboard */,
				57866921239B5DBA00656DC6 /* Info.plist */,
				5786691B239B5DBA00656DC6 /* Preview Content */,
				57866943239B6B2600656DC6 /* CircleImage.swift */,
				57866945239B6FE600656DC6 /* MapViewSendai.swift */,
			);
			path = LandMask;
			sourceTree = "<group>";
		};
		5786691B239B5DBA00656DC6 /* Preview Content */ = {
			isa = PBXGroup;
			children = (
				5786691C239B5DBA00656DC6 /* Preview Assets.xcassets */,
			);
			path = "Preview Content";
			sourceTree = "<group>";
		};
		57866929239B5DBA00656DC6 /* LandMaskTests */ = {
			isa = PBXGroup;
			children = (
				5786692A239B5DBA00656DC6 /* LandMaskTests.swift */,
				5786692C239B5DBA00656DC6 /* Info.plist */,
			);
			path = LandMaskTests;
			sourceTree = "<group>";
		};
		57866934239B5DBA00656DC6 /* LandMaskUITests */ = {
			isa = PBXGroup;
			children = (
				57866935239B5DBA00656DC6 /* LandMaskUITests.swift */,
				57866937239B5DBA00656DC6 /* Info.plist */,
			);
			path = LandMaskUITests;
			sourceTree = "<group>";
		};
/* End PBXGroup section */

/* Begin PBXNativeTarget section */
		5786690F239B5DB500656DC6 /* LandMask */ = {
			isa = PBXNativeTarget;
			buildConfigurationList = 5786693A239B5DBA00656DC6 /* Build configuration list for PBXNativeTarget "LandMask" */;
			buildPhases = (
				5786690C239B5DB500656DC6 /* Sources */,
				5786690D239B5DB500656DC6 /* Frameworks */,
				5786690E239B5DB500656DC6 /* Resources */,
			);
			buildRules = (
			);
			dependencies = (
			);
			name = LandMask;
			productName = LandMask;
			productReference = 57866910239B5DB500656DC6 /* LandMask.app */;
			productType = "com.apple.product-type.application";
		};
		57866925239B5DBA00656DC6 /* LandMaskTests */ = {
			isa = PBXNativeTarget;
			buildConfigurationList = 5786693D239B5DBA00656DC6 /* Build configuration list for PBXNativeTarget "LandMaskTests" */;
			buildPhases = (
				57866922239B5DBA00656DC6 /* Sources */,
				57866923239B5DBA00656DC6 /* Frameworks */,
				57866924239B5DBA00656DC6 /* Resources */,
			);
			buildRules = (
			);
			dependencies = (
				57866928239B5DBA00656DC6 /* PBXTargetDependency */,
			);
			name = LandMaskTests;
			productName = LandMaskTests;
			productReference = 57866926239B5DBA00656DC6 /* LandMaskTests.xctest */;
			productType = "com.apple.product-type.bundle.unit-test";
		};
		57866930239B5DBA00656DC6 /* LandMaskUITests */ = {
			isa = PBXNativeTarget;
			buildConfigurationList = 57866940239B5DBA00656DC6 /* Build configuration list for PBXNativeTarget "LandMaskUITests" */;
			buildPhases = (
				5786692D239B5DBA00656DC6 /* Sources */,
				5786692E239B5DBA00656DC6 /* Frameworks */,
				5786692F239B5DBA00656DC6 /* Resources */,
			);
			buildRules = (
			);
			dependencies = (
				57866933239B5DBA00656DC6 /* PBXTargetDependency */,
			);
			name = LandMaskUITests;
			productName = LandMaskUITests;
			productReference = 57866931239B5DBA00656DC6 /* LandMaskUITests.xctest */;
			productType = "com.apple.product-type.bundle.ui-testing";
		};
/* End PBXNativeTarget section */

/* Begin PBXProject section */
		57866908239B5DB500656DC6 /* Project object */ = {
			isa = PBXProject;
			attributes = {
				LastSwiftUpdateCheck = 1120;
				LastUpgradeCheck = 1120;
				ORGANIZATIONNAME = "Victor Manuel Lagunas Franco";
				TargetAttributes = {
					5786690F239B5DB500656DC6 = {
						CreatedOnToolsVersion = 11.2;
					};
					57866925239B5DBA00656DC6 = {
						CreatedOnToolsVersion = 11.2;
						TestTargetID = 5786690F239B5DB500656DC6;
					};
					57866930239B5DBA00656DC6 = {
						CreatedOnToolsVersion = 11.2;
						TestTargetID = 5786690F239B5DB500656DC6;
					};
				};
			};
			buildConfigurationList = 5786690B239B5DB500656DC6 /* Build configuration list for PBXProject "LandMask" */;
			compatibilityVersion = "Xcode 9.3";
			developmentRegion = en;
			hasScannedForEncodings = 0;
			knownRegions = (
				en,
				Base,
			);
			mainGroup = 57866907239B5DB500656DC6;
			productRefGroup = 57866911239B5DB500656DC6 /* Products */;
			projectDirPath = "";
			projectRoot = "";
			targets = (
				5786690F239B5DB500656DC6 /* LandMask */,
				57866925239B5DBA00656DC6 /* LandMaskTests */,
				57866930239B5DBA00656DC6 /* LandMaskUITests */,
			);
		};
/* End PBXProject section */

/* Begin PBXResourcesBuildPhase section */
		5786690E239B5DB500656DC6 /* Resources */ = {
			isa = PBXResourcesBuildPhase;
			buildActionMask = 2147483647;
			files = (
				57866920239B5DBA00656DC6 /* LaunchScreen.storyboard in Resources */,
				5786691D239B5DBA00656DC6 /* Preview Assets.xcassets in Resources */,
				5786691A239B5DBA00656DC6 /* Assets.xcassets in Resources */,
			);
			runOnlyForDeploymentPostprocessing = 0;
		};
		57866924239B5DBA00656DC6 /* Resources */ = {
			isa = PBXResourcesBuildPhase;
			buildActionMask = 2147483647;
			files = (
			);
			runOnlyForDeploymentPostprocessing = 0;
		};
		5786692F239B5DBA00656DC6 /* Resources */ = {
			isa = PBXResourcesBuildPhase;
			buildActionMask = 2147483647;
			files = (
			);
			runOnlyForDeploymentPostprocessing = 0;
		};
/* End PBXResourcesBuildPhase section */

/* Begin PBXSourcesBuildPhase section */
		5786690C239B5DB500656DC6 /* Sources */ = {
			isa = PBXSourcesBuildPhase;
			buildActionMask = 2147483647;
			files = (
				57866914239B5DB500656DC6 /* AppDelegate.swift in Sources */,
				57866944239B6B2600656DC6 /* CircleImage.swift in Sources */,
				57866946239B6FE600656DC6 /* MapViewSendai.swift in Sources */,
				57866916239B5DB500656DC6 /* SceneDelegate.swift in Sources */,
				57866918239B5DB500656DC6 /* ContentView.swift in Sources */,
			);
			runOnlyForDeploymentPostprocessing = 0;
		};
		57866922239B5DBA00656DC6 /* Sources */ = {
			isa = PBXSourcesBuildPhase;
			buildActionMask = 2147483647;
			files = (
				5786692B239B5DBA00656DC6 /* LandMaskTests.swift in Sources */,
			);
			runOnlyForDeploymentPostprocessing = 0;
		};
		5786692D239B5DBA00656DC6 /* Sources */ = {
			isa = PBXSourcesBuildPhase;
			buildActionMask = 2147483647;
			files = (
				57866936239B5DBA00656DC6 /* LandMaskUITests.swift in Sources */,
			);
			runOnlyForDeploymentPostprocessing = 0;
		};
/* End PBXSourcesBuildPhase section */

/* Begin PBXTargetDependency section */
		57866928239B5DBA00656DC6 /* PBXTargetDependency */ = {
			isa = PBXTargetDependency;
			target = 5786690F239B5DB500656DC6 /* LandMask */;
			targetProxy = 57866927239B5DBA00656DC6 /* PBXContainerItemProxy */;
		};
		57866933239B5DBA00656DC6 /* PBXTargetDependency */ = {
			isa = PBXTargetDependency;
			target = 5786690F239B5DB500656DC6 /* LandMask */;
			targetProxy = 57866932239B5DBA00656DC6 /* PBXContainerItemProxy */;
		};
/* End PBXTargetDependency section */

/* Begin PBXVariantGroup section */
		5786691E239B5DBA00656DC6 /* LaunchScreen.storyboard */ = {
			isa = PBXVariantGroup;
			children = (
				5786691F239B5DBA00656DC6 /* Base */,
			);
			name = LaunchScreen.storyboard;
			sourceTree = "<group>";
		};
/* End PBXVariantGroup section */

/* Begin XCBuildConfiguration section */
		57866938239B5DBA00656DC6 /* Debug */ = {
			isa = XCBuildConfiguration;
			buildSettings = {
				ALWAYS_SEARCH_USER_PATHS = NO;
				CLANG_ANALYZER_NONNULL = YES;
				CLANG_ANALYZER_NUMBER_OBJECT_CONVERSION = YES_AGGRESSIVE;
				CLANG_CXX_LANGUAGE_STANDARD = "gnu++14";
				CLANG_CXX_LIBRARY = "libc++";
				CLANG_ENABLE_MODULES = YES;
				CLANG_ENABLE_OBJC_ARC = YES;
				CLANG_ENABLE_OBJC_WEAK = YES;
				CLANG_WARN_BLOCK_CAPTURE_AUTORELEASING = YES;
				CLANG_WARN_BOOL_CONVERSION = YES;
				CLANG_WARN_COMMA = YES;
				CLANG_WARN_CONSTANT_CONVERSION = YES;
				CLANG_WARN_DEPRECATED_OBJC_IMPLEMENTATIONS = YES;
				CLANG_WARN_DIRECT_OBJC_ISA_USAGE = YES_ERROR;
				CLANG_WARN_DOCUMENTATION_COMMENTS = YES;
				CLANG_WARN_EMPTY_BODY = YES;
				CLANG_WARN_ENUM_CONVERSION = YES;
				CLANG_WARN_INFINITE_RECURSION = YES;
				CLANG_WARN_INT_CONVERSION = YES;
				CLANG_WARN_NON_LITERAL_NULL_CONVERSION = YES;
				CLANG_WARN_OBJC_IMPLICIT_RETAIN_SELF = YES;
				CLANG_WARN_OBJC_LITERAL_CONVERSION = YES;
				CLANG_WARN_OBJC_ROOT_CLASS = YES_ERROR;
				CLANG_WARN_RANGE_LOOP_ANALYSIS = YES;
				CLANG_WARN_STRICT_PROTOTYPES = YES;
				CLANG_WARN_SUSPICIOUS_MOVE = YES;
				CLANG_WARN_UNGUARDED_AVAILABILITY = YES_AGGRESSIVE;
				CLANG_WARN_UNREACHABLE_CODE = YES;
				CLANG_WARN__DUPLICATE_METHOD_MATCH = YES;
				COPY_PHASE_STRIP = NO;
				DEBUG_INFORMATION_FORMAT = dwarf;
				ENABLE_STRICT_OBJC_MSGSEND = YES;
				ENABLE_TESTABILITY = YES;
				GCC_C_LANGUAGE_STANDARD = gnu11;
				GCC_DYNAMIC_NO_PIC = NO;
				GCC_NO_COMMON_BLOCKS = YES;
				GCC_OPTIMIZATION_LEVEL = 0;
				GCC_PREPROCESSOR_DEFINITIONS = (
					"DEBUG=1",
					"$(inherited)",
				);
				GCC_WARN_64_TO_32_BIT_CONVERSION = YES;
				GCC_WARN_ABOUT_RETURN_TYPE = YES_ERROR;
				GCC_WARN_UNDECLARED_SELECTOR = YES;
				GCC_WARN_UNINITIALIZED_AUTOS = YES_AGGRESSIVE;
				GCC_WARN_UNUSED_FUNCTION = YES;
				GCC_WARN_UNUSED_VARIABLE = YES;
				IPHONEOS_DEPLOYMENT_TARGET = 13.2;
				MTL_ENABLE_DEBUG_INFO = INCLUDE_SOURCE;
				MTL_FAST_MATH = YES;
				ONLY_ACTIVE_ARCH = YES;
				SDKROOT = iphoneos;
				SWIFT_ACTIVE_COMPILATION_CONDITIONS = DEBUG;
				SWIFT_OPTIMIZATION_LEVEL = "-Onone";
			};
			name = Debug;
		};
		57866939239B5DBA00656DC6 /* Release */ = {
			isa = XCBuildConfiguration;
			buildSettings = {
				ALWAYS_SEARCH_USER_PATHS = NO;
				CLANG_ANALYZER_NONNULL = YES;
				CLANG_ANALYZER_NUMBER_OBJECT_CONVERSION = YES_AGGRESSIVE;
				CLANG_CXX_LANGUAGE_STANDARD = "gnu++14";
				CLANG_CXX_LIBRARY = "libc++";
				CLANG_ENABLE_MODULES = YES;
				CLANG_ENABLE_OBJC_ARC = YES;
				CLANG_ENABLE_OBJC_WEAK = YES;
				CLANG_WARN_BLOCK_CAPTURE_AUTORELEASING = YES;
				CLANG_WARN_BOOL_CONVERSION = YES;
				CLANG_WARN_COMMA = YES;
				CLANG_WARN_CONSTANT_CONVERSION = YES;
				CLANG_WARN_DEPRECATED_OBJC_IMPLEMENTATIONS = YES;
				CLANG_WARN_DIRECT_OBJC_ISA_USAGE = YES_ERROR;
				CLANG_WARN_DOCUMENTATION_COMMENTS = YES;
				CLANG_WARN_EMPTY_BODY = YES;
				CLANG_WARN_ENUM_CONVERSION = YES;
				CLANG_WARN_INFINITE_RECURSION = YES;
				CLANG_WARN_INT_CONVERSION = YES;
				CLANG_WARN_NON_LITERAL_NULL_CONVERSION = YES;
				CLANG_WARN_OBJC_IMPLICIT_RETAIN_SELF = YES;
				CLANG_WARN_OBJC_LITERAL_CONVERSION = YES;
				CLANG_WARN_OBJC_ROOT_CLASS = YES_ERROR;
				CLANG_WARN_RANGE_LOOP_ANALYSIS = YES;
				CLANG_WARN_STRICT_PROTOTYPES = YES;
				CLANG_WARN_SUSPICIOUS_MOVE = YES;
				CLANG_WARN_UNGUARDED_AVAILABILITY = YES_AGGRESSIVE;
				CLANG_WARN_UNREACHABLE_CODE = YES;
				CLANG_WARN__DUPLICATE_METHOD_MATCH = YES;
				COPY_PHASE_STRIP = NO;
				DEBUG_INFORMATION_FORMAT = "dwarf-with-dsym";
				ENABLE_NS_ASSERTIONS = NO;
				ENABLE_STRICT_OBJC_MSGSEND = YES;
				GCC_C_LANGUAGE_STANDARD = gnu11;
				GCC_NO_COMMON_BLOCKS = YES;
				GCC_WARN_64_TO_32_BIT_CONVERSION = YES;
				GCC_WARN_ABOUT_RETURN_TYPE = YES_ERROR;
				GCC_WARN_UNDECLARED_SELECTOR = YES;
				GCC_WARN_UNINITIALIZED_AUTOS = YES_AGGRESSIVE;
				GCC_WARN_UNUSED_FUNCTION = YES;
				GCC_WARN_UNUSED_VARIABLE = YES;
				IPHONEOS_DEPLOYMENT_TARGET = 13.2;
				MTL_ENABLE_DEBUG_INFO = NO;
				MTL_FAST_MATH = YES;
				SDKROOT = iphoneos;
				SWIFT_COMPILATION_MODE = wholemodule;
				SWIFT_OPTIMIZATION_LEVEL = "-O";
				VALIDATE_PRODUCT = YES;
			};
			name = Release;
		};
		5786693B239B5DBA00656DC6 /* Debug */ = {
			isa = XCBuildConfiguration;
			buildSettings = {
				ASSETCATALOG_COMPILER_APPICON_NAME = AppIcon;
				CODE_SIGN_STYLE = Automatic;
				DEVELOPMENT_ASSET_PATHS = "\"LandMask/Preview Content\"";
				DEVELOPMENT_TEAM = UFL2WNBTT3;
				ENABLE_PREVIEWS = YES;
				INFOPLIST_FILE = LandMask/Info.plist;
				LD_RUNPATH_SEARCH_PATHS = (
					"$(inherited)",
					"@executable_path/Frameworks",
				);
				PRODUCT_BUNDLE_IDENTIFIER = com.app.sendaiSwiftUI.LandMask;
				PRODUCT_NAME = "$(TARGET_NAME)";
				SWIFT_VERSION = 5.0;
				TARGETED_DEVICE_FAMILY = "1,2";
			};
			name = Debug;
		};
		5786693C239B5DBA00656DC6 /* Release */ = {
			isa = XCBuildConfiguration;
			buildSettings = {
				ASSETCATALOG_COMPILER_APPICON_NAME = AppIcon;
				CODE_SIGN_STYLE = Automatic;
				DEVELOPMENT_ASSET_PATHS = "\"LandMask/Preview Content\"";
				DEVELOPMENT_TEAM = UFL2WNBTT3;
				ENABLE_PREVIEWS = YES;
				INFOPLIST_FILE = LandMask/Info.plist;
				LD_RUNPATH_SEARCH_PATHS = (
					"$(inherited)",
					"@executable_path/Frameworks",
				);
				PRODUCT_BUNDLE_IDENTIFIER = com.app.sendaiSwiftUI.LandMask;
				PRODUCT_NAME = "$(TARGET_NAME)";
				SWIFT_VERSION = 5.0;
				TARGETED_DEVICE_FAMILY = "1,2";
			};
			name = Release;
		};
		5786693E239B5DBA00656DC6 /* Debug */ = {
			isa = XCBuildConfiguration;
			buildSettings = {
				ALWAYS_EMBED_SWIFT_STANDARD_LIBRARIES = YES;
				BUNDLE_LOADER = "$(TEST_HOST)";
				CODE_SIGN_STYLE = Automatic;
				DEVELOPMENT_TEAM = UFL2WNBTT3;
				INFOPLIST_FILE = LandMaskTests/Info.plist;
				IPHONEOS_DEPLOYMENT_TARGET = 13.2;
				LD_RUNPATH_SEARCH_PATHS = (
					"$(inherited)",
					"@executable_path/Frameworks",
					"@loader_path/Frameworks",
				);
				PRODUCT_BUNDLE_IDENTIFIER = com.app.sendaiSwiftUI.LandMaskTests;
				PRODUCT_NAME = "$(TARGET_NAME)";
				SWIFT_VERSION = 5.0;
				TARGETED_DEVICE_FAMILY = "1,2";
				TEST_HOST = "$(BUILT_PRODUCTS_DIR)/LandMask.app/LandMask";
			};
			name = Debug;
		};
		5786693F239B5DBA00656DC6 /* Release */ = {
			isa = XCBuildConfiguration;
			buildSettings = {
				ALWAYS_EMBED_SWIFT_STANDARD_LIBRARIES = YES;
				BUNDLE_LOADER = "$(TEST_HOST)";
				CODE_SIGN_STYLE = Automatic;
				DEVELOPMENT_TEAM = UFL2WNBTT3;
				INFOPLIST_FILE = LandMaskTests/Info.plist;
				IPHONEOS_DEPLOYMENT_TARGET = 13.2;
				LD_RUNPATH_SEARCH_PATHS = (
					"$(inherited)",
					"@executable_path/Frameworks",
					"@loader_path/Frameworks",
				);
				PRODUCT_BUNDLE_IDENTIFIER = com.app.sendaiSwiftUI.LandMaskTests;
				PRODUCT_NAME = "$(TARGET_NAME)";
				SWIFT_VERSION = 5.0;
				TARGETED_DEVICE_FAMILY = "1,2";
				TEST_HOST = "$(BUILT_PRODUCTS_DIR)/LandMask.app/LandMask";
			};
			name = Release;
		};
		57866941239B5DBA00656DC6 /* Debug */ = {
			isa = XCBuildConfiguration;
			buildSettings = {
				ALWAYS_EMBED_SWIFT_STANDARD_LIBRARIES = YES;
				CODE_SIGN_STYLE = Automatic;
				DEVELOPMENT_TEAM = UFL2WNBTT3;
				INFOPLIST_FILE = LandMaskUITests/Info.plist;
				LD_RUNPATH_SEARCH_PATHS = (
					"$(inherited)",
					"@executable_path/Frameworks",
					"@loader_path/Frameworks",
				);
				PRODUCT_BUNDLE_IDENTIFIER = com.app.sendaiSwiftUI.LandMaskUITests;
				PRODUCT_NAME = "$(TARGET_NAME)";
				SWIFT_VERSION = 5.0;
				TARGETED_DEVICE_FAMILY = "1,2";
				TEST_TARGET_NAME = LandMask;
			};
			name = Debug;
		};
		57866942239B5DBA00656DC6 /* Release */ = {
			isa = XCBuildConfiguration;
			buildSettings = {
				ALWAYS_EMBED_SWIFT_STANDARD_LIBRARIES = YES;
				CODE_SIGN_STYLE = Automatic;
				DEVELOPMENT_TEAM = UFL2WNBTT3;
				INFOPLIST_FILE = LandMaskUITests/Info.plist;
				LD_RUNPATH_SEARCH_PATHS = (
					"$(inherited)",
					"@executable_path/Frameworks",
					"@loader_path/Frameworks",
				);
				PRODUCT_BUNDLE_IDENTIFIER = com.app.sendaiSwiftUI.LandMaskUITests;
				PRODUCT_NAME = "$(TARGET_NAME)";
				SWIFT_VERSION = 5.0;
				TARGETED_DEVICE_FAMILY = "1,2";
				TEST_TARGET_NAME = LandMask;
			};
			name = Release;
		};
/* End XCBuildConfiguration section */

/* Begin XCConfigurationList section */
		5786690B239B5DB500656DC6 /* Build configuration list for PBXProject "LandMask" */ = {
			isa = XCConfigurationList;
			buildConfigurations = (
				57866938239B5DBA00656DC6 /* Debug */,
				57866939239B5DBA00656DC6 /* Release */,
			);
			defaultConfigurationIsVisible = 0;
			defaultConfigurationName = Release;
		};
		5786693A239B5DBA00656DC6 /* Build configuration list for PBXNativeTarget "LandMask" */ = {
			isa = XCConfigurationList;
			buildConfigurations = (
				5786693B239B5DBA00656DC6 /* Debug */,
				5786693C239B5DBA00656DC6 /* Release */,
			);
			defaultConfigurationIsVisible = 0;
			defaultConfigurationName = Release;
		};
		5786693D239B5DBA00656DC6 /* Build configuration list for PBXNativeTarget "LandMaskTests" */ = {
			isa = XCConfigurationList;
			buildConfigurations = (
				5786693E239B5DBA00656DC6 /* Debug */,
				5786693F239B5DBA00656DC6 /* Release */,
			);
			defaultConfigurationIsVisible = 0;
			defaultConfigurationName = Release;
		};
		57866940239B5DBA00656DC6 /* Build configuration list for PBXNativeTarget "LandMaskUITests" */ = {
			isa = XCConfigurationList;
			buildConfigurations = (
				57866941239B5DBA00656DC6 /* Debug */,
				57866942239B5DBA00656DC6 /* Release */,
			);
			defaultConfigurationIsVisible = 0;
			defaultConfigurationName = Release;
		};
/* End XCConfigurationList section */
	};
	rootObject = 57866908239B5DB500656DC6 /* Project object */;
}
